
Microsoft Visual Studio Solution File, Format Version 12.00
# Visual Studio Version 17
VisualStudioVersion = 17.0.31903.59
MinimumVisualStudioVersion = 10.0.40219.1
Project("{FAE04EC0-301F-11D3-BF4B-00C04F79EFBC}") = "API", "API\API.csproj", "{2F6ED71B-5A75-4CCF-971E-1AAB60B1D97A}"
EndProject
Project("{FAE04EC0-301F-11D3-BF4B-00C04F79EFBC}") = "Application", "Application\Application.csproj", "{9560C057-528A-4E1A-AE6D-20D22C0BBD8C}"
EndProject
Project("{FAE04EC0-301F-11D3-BF4B-00C04F79EFBC}") = "Domain", "Domain\Domain.csproj", "{336B5FD5-2582-4659-93F3-038D5574A279}"
EndProject
Project("{FAE04EC0-301F-11D3-BF4B-00C04F79EFBC}") = "Persistence", "Persistence\Persistence.csproj", "{EA3D339F-A168-4577-A243-E3A8E4854368}"
EndProject
Global
	GlobalSection(SolutionConfigurationPlatforms) = preSolution
		Debug|Any CPU = Debug|Any CPU
		Release|Any CPU = Release|Any CPU
	EndGlobalSection
	GlobalSection(SolutionProperties) = preSolution
		HideSolutionNode = FALSE
	EndGlobalSection
	GlobalSection(ProjectConfigurationPlatforms) = postSolution
		{2F6ED71B-5A75-4CCF-971E-1AAB60B1D97A}.Debug|Any CPU.ActiveCfg = Debug|Any CPU
		{2F6ED71B-5A75-4CCF-971E-1AAB60B1D97A}.Debug|Any CPU.Build.0 = Debug|Any CPU
		{2F6ED71B-5A75-4CCF-971E-1AAB60B1D97A}.Release|Any CPU.ActiveCfg = Release|Any CPU
		{2F6ED71B-5A75-4CCF-971E-1AAB60B1D97A}.Release|Any CPU.Build.0 = Release|Any CPU
		{9560C057-528A-4E1A-AE6D-20D22C0BBD8C}.Debug|Any CPU.ActiveCfg = Debug|Any CPU
		{9560C057-528A-4E1A-AE6D-20D22C0BBD8C}.Debug|Any CPU.Build.0 = Debug|Any CPU
		{9560C057-528A-4E1A-AE6D-20D22C0BBD8C}.Release|Any CPU.ActiveCfg = Release|Any CPU
		{9560C057-528A-4E1A-AE6D-20D22C0BBD8C}.Release|Any CPU.Build.0 = Release|Any CPU
		{336B5FD5-2582-4659-93F3-038D5574A279}.Debug|Any CPU.ActiveCfg = Debug|Any CPU
		{336B5FD5-2582-4659-93F3-038D5574A279}.Debug|Any CPU.Build.0 = Debug|Any CPU
		{336B5FD5-2582-4659-93F3-038D5574A279}.Release|Any CPU.ActiveCfg = Release|Any CPU
		{336B5FD5-2582-4659-93F3-038D5574A279}.Release|Any CPU.Build.0 = Release|Any CPU
		{EA3D339F-A168-4577-A243-E3A8E4854368}.Debug|Any CPU.ActiveCfg = Debug|Any CPU
		{EA3D339F-A168-4577-A243-E3A8E4854368}.Debug|Any CPU.Build.0 = Debug|Any CPU
		{EA3D339F-A168-4577-A243-E3A8E4854368}.Release|Any CPU.ActiveCfg = Release|Any CPU
		{EA3D339F-A168-4577-A243-E3A8E4854368}.Release|Any CPU.Build.0 = Release|Any CPU
	EndGlobalSection
EndGlobal
